{
  "name": "orders",
  "version": "1.0.0",
  "lockfileVersion": 1,
  "requires": true,
  "dependencies": {
    "accepts": {
      "version": "1.3.7",
      "resolved": "https://adeo.jfrog.io/adeo/api/npm/npm/accepts/-/accepts-1.3.7.tgz",
      "integrity": "sha1-UxvHJlF6OytB+FACHGzBXqq1B80=",
      "requires": {
        "mime-types": "~2.1.24",
        "negotiator": "0.6.2"
      }
    },
    "anymatch": {
      "version": "3.1.1",
      "resolved": "https://adeo.jfrog.io/adeo/api/npm/npm/anymatch/-/anymatch-3.1.1.tgz",
      "integrity": "sha1-xV7PAhheJGklk5kxDBc84xIzsUI=",
      "requires": {
        "normalize-path": "^3.0.0",
        "picomatch": "^2.0.4"
      }
    },
    "array-flatten": {
      "version": "1.1.1",
      "resolved": "https://adeo.jfrog.io/adeo/api/npm/npm/array-flatten/-/array-flatten-1.1.1.tgz",
      "integrity": "sha1-ml9pkFGx5wczKPKgCJaLZOopVdI="
    },
    "axios": {
      "version": "0.19.2",
      "resolved": "https://adeo.jfrog.io/adeo/api/npm/npm/axios/-/axios-0.19.2.tgz",
      "integrity": "sha1-PqNsXYgY0NX4qKl6bTa4bNwAyyc=",
      "requires": {
        "follow-redirects": "1.5.10"
      }
    },
    "binary-extensions": {
      "version": "2.0.0",
      "resolved": "https://adeo.jfrog.io/adeo/api/npm/npm/binary-extensions/-/binary-extensions-2.0.0.tgz",
      "integrity": "sha1-I8DfFPaogHf1+YbA0WfsA8PVU3w="
    },
    "body-parser": {
      "version": "1.19.0",
      "resolved": "https://adeo.jfrog.io/adeo/api/npm/npm/body-parser/-/body-parser-1.19.0.tgz",
      "integrity": "sha1-lrJwnlfJxOCab9Zqj9l5hE9p8Io=",
      "requires": {
        "bytes": "3.1.0",
        "content-type": "~1.0.4",
        "debug": "2.6.9",
        "depd": "~1.1.2",
        "http-errors": "1.7.2",
        "iconv-lite": "0.4.24",
        "on-finished": "~2.3.0",
        "qs": "6.7.0",
        "raw-body": "2.4.0",
        "type-is": "~1.6.17"
      },
      "dependencies": {
        "debug": {
          "version": "2.6.9",
          "resolved": "https://adeo.jfrog.io/adeo/api/npm/npm/debug/-/debug-2.6.9.tgz",
          "integrity": "sha1-XRKFFd8TT/Mn6QpMk/Tgd6U2NB8=",
          "requires": {
            "ms": "2.0.0"
          }
        }
      }
    },
    "braces": {
      "version": "3.0.2",
      "resolved": "https://adeo.jfrog.io/adeo/api/npm/npm/braces/-/braces-3.0.2.tgz",
      "integrity": "sha1-NFThpGLujVmeI23zNs2epPiv4Qc=",
      "requires": {
        "fill-range": "^7.0.1"
      }
    },
    "bytes": {
      "version": "3.1.0",
      "resolved": "https://adeo.jfrog.io/adeo/api/npm/npm/bytes/-/bytes-3.1.0.tgz",
      "integrity": "sha1-9s95M6Ng4FiPqf3oVlHNx/gF0fY="
    },
    "chokidar": {
      "version": "3.3.1",
      "resolved": "https://adeo.jfrog.io/adeo/api/npm/npm/chokidar/-/chokidar-3.3.1.tgz",
      "integrity": "sha1-yE5bPRjZpNd1WP70ZrG/FrvrNFA=",
      "requires": {
        "anymatch": "~3.1.1",
        "braces": "~3.0.2",
        "fsevents": "~2.1.2",
        "glob-parent": "~5.1.0",
        "is-binary-path": "~2.1.0",
        "is-glob": "~4.0.1",
        "normalize-path": "~3.0.0",
        "readdirp": "~3.3.0"
      }
    },
    "content-disposition": {
      "version": "0.5.3",
      "resolved": "https://adeo.jfrog.io/adeo/api/npm/npm/content-disposition/-/content-disposition-0.5.3.tgz",
      "integrity": "sha1-4TDK9+cnkIfFYWwgB9BIVpiYT70=",
      "requires": {
        "safe-buffer": "5.1.2"
      }
    },
    "content-type": {
      "version": "1.0.4",
      "resolved": "https://adeo.jfrog.io/adeo/api/npm/npm/content-type/-/content-type-1.0.4.tgz",
      "integrity": "sha1-4TjMdeBAxyexlm/l5fjJruJW/js="
    },
    "cookie": {
      "version": "0.4.0",
      "resolved": "https://adeo.jfrog.io/adeo/api/npm/npm/cookie/-/cookie-0.4.0.tgz",
      "integrity": "sha1-vrQ35wIrO21JAZ0IhmUwPr6cFLo="
    },
    "cookie-signature": {
      "version": "1.0.6",
      "resolved": "https://adeo.jfrog.io/adeo/api/npm/npm/cookie-signature/-/cookie-signature-1.0.6.tgz",
      "integrity": "sha1-4wOogrNCzD7oylE6eZmXNNqzriw="
    },
    "custom-env": {
      "version": "2.0.1",
      "resolved": "https://adeo.jfrog.io/adeo/api/npm/npm/custom-env/-/custom-env-2.0.1.tgz",
      "integrity": "sha1-MK+vUgD0OqhnMfgVdjh/XSryxRs=",
      "requires": {
        "dotenv": "*",
        "dotenv-expand": "^5.0.0"
      }
    },
    "debug": {
      "version": "3.1.0",
      "resolved": "https://adeo.jfrog.io/adeo/api/npm/npm/debug/-/debug-3.1.0.tgz",
      "integrity": "sha1-W7WgZyYotkFJVmuhaBnmFRjGcmE=",
      "requires": {
        "ms": "2.0.0"
      }
    },
    "depd": {
      "version": "1.1.2",
      "resolved": "https://adeo.jfrog.io/adeo/api/npm/npm/depd/-/depd-1.1.2.tgz",
      "integrity": "sha1-m81S4UwJd2PnSbJ0xDRu0uVgtak="
    },
    "destroy": {
      "version": "1.0.4",
      "resolved": "https://adeo.jfrog.io/adeo/api/npm/npm/destroy/-/destroy-1.0.4.tgz",
      "integrity": "sha1-l4hXRCxEdJ5CBmE+N5RiBYJqvYA="
    },
    "dotenv": {
      "version": "8.2.0",
      "resolved": "https://adeo.jfrog.io/adeo/api/npm/npm/dotenv/-/dotenv-8.2.0.tgz",
      "integrity": "sha1-l+YZJZradQ7qPk6j4mvO6lQksWo="
    },
    "dotenv-expand": {
      "version": "5.1.0",
      "resolved": "https://adeo.jfrog.io/adeo/api/npm/npm/dotenv-expand/-/dotenv-expand-5.1.0.tgz",
      "integrity": "sha1-P7rwIL/XlIhAcuomsel5HUWmKfA="
    },
    "ee-first": {
      "version": "1.1.1",
      "resolved": "https://adeo.jfrog.io/adeo/api/npm/npm/ee-first/-/ee-first-1.1.1.tgz",
      "integrity": "sha1-WQxhFWsK4vTwJVcyoViyZrxWsh0="
    },
    "encodeurl": {
      "version": "1.0.2",
      "resolved": "https://adeo.jfrog.io/adeo/api/npm/npm/encodeurl/-/encodeurl-1.0.2.tgz",
      "integrity": "sha1-rT/0yG7C0CkyL1oCw6mmBslbP1k="
    },
    "escape-html": {
      "version": "1.0.3",
      "resolved": "https://adeo.jfrog.io/adeo/api/npm/npm/escape-html/-/escape-html-1.0.3.tgz",
      "integrity": "sha1-Aljq5NPQwJdN4cFpGI7wBR0dGYg="
    },
    "etag": {
      "version": "1.8.1",
      "resolved": "https://adeo.jfrog.io/adeo/api/npm/npm/etag/-/etag-1.8.1.tgz",
      "integrity": "sha1-Qa4u62XvpiJorr/qg6x9eSmbCIc="
    },
    "express": {
      "version": "4.17.1",
      "resolved": "https://adeo.jfrog.io/adeo/api/npm/npm/express/-/express-4.17.1.tgz",
      "integrity": "sha1-RJH8OGBc9R+GKdOcK10Cb5ikwTQ=",
      "requires": {
        "accepts": "~1.3.7",
        "array-flatten": "1.1.1",
        "body-parser": "1.19.0",
        "content-disposition": "0.5.3",
        "content-type": "~1.0.4",
        "cookie": "0.4.0",
        "cookie-signature": "1.0.6",
        "debug": "2.6.9",
        "depd": "~1.1.2",
        "encodeurl": "~1.0.2",
        "escape-html": "~1.0.3",
        "etag": "~1.8.1",
        "finalhandler": "~1.1.2",
        "fresh": "0.5.2",
        "merge-descriptors": "1.0.1",
        "methods": "~1.1.2",
        "on-finished": "~2.3.0",
        "parseurl": "~1.3.3",
        "path-to-regexp": "0.1.7",
        "proxy-addr": "~2.0.5",
        "qs": "6.7.0",
        "range-parser": "~1.2.1",
        "safe-buffer": "5.1.2",
        "send": "0.17.1",
        "serve-static": "1.14.1",
        "setprototypeof": "1.1.1",
        "statuses": "~1.5.0",
        "type-is": "~1.6.18",
        "utils-merge": "1.0.1",
        "vary": "~1.1.2"
      },
      "dependencies": {
        "debug": {
          "version": "2.6.9",
          "resolved": "https://adeo.jfrog.io/adeo/api/npm/npm/debug/-/debug-2.6.9.tgz",
          "integrity": "sha1-XRKFFd8TT/Mn6QpMk/Tgd6U2NB8=",
          "requires": {
            "ms": "2.0.0"
          }
        }
      }
    },
    "fill-range": {
      "version": "7.0.1",
      "resolved": "https://adeo.jfrog.io/adeo/api/npm/npm/fill-range/-/fill-range-7.0.1.tgz",
      "integrity": "sha1-GRmmp8df44ssfHflGYU12prN2kA=",
      "requires": {
        "to-regex-range": "^5.0.1"
      }
    },
    "finalhandler": {
      "version": "1.1.2",
      "resolved": "https://adeo.jfrog.io/adeo/api/npm/npm/finalhandler/-/finalhandler-1.1.2.tgz",
      "integrity": "sha1-t+fQAP/RGTjQ/bBTUG9uur6fWH0=",
      "requires": {
        "debug": "2.6.9",
        "encodeurl": "~1.0.2",
        "escape-html": "~1.0.3",
        "on-finished": "~2.3.0",
        "parseurl": "~1.3.3",
        "statuses": "~1.5.0",
        "unpipe": "~1.0.0"
      },
      "dependencies": {
        "debug": {
          "version": "2.6.9",
          "resolved": "https://adeo.jfrog.io/adeo/api/npm/npm/debug/-/debug-2.6.9.tgz",
          "integrity": "sha1-XRKFFd8TT/Mn6QpMk/Tgd6U2NB8=",
          "requires": {
            "ms": "2.0.0"
          }
        }
      }
    },
    "follow-redirects": {
      "version": "1.5.10",
      "resolved": "https://adeo.jfrog.io/adeo/api/npm/npm/follow-redirects/-/follow-redirects-1.5.10.tgz",
      "integrity": "sha1-e3qfmuov3/NnhqlP9kPtB/T/Xio=",
      "requires": {
        "debug": "=3.1.0"
      }
    },
    "forwarded": {
      "version": "0.1.2",
      "resolved": "https://adeo.jfrog.io/adeo/api/npm/npm/forwarded/-/forwarded-0.1.2.tgz",
      "integrity": "sha1-mMI9qxF1ZXuMBXPozszZGw/xjIQ="
    },
    "fresh": {
      "version": "0.5.2",
      "resolved": "https://adeo.jfrog.io/adeo/api/npm/npm/fresh/-/fresh-0.5.2.tgz",
      "integrity": "sha1-PYyt2Q2XZWn6g1qx+OSyOhBWBac="
    },
    "fsevents": {
      "version": "2.1.2",
      "resolved": "https://adeo.jfrog.io/adeo/api/npm/npm/fsevents/-/fsevents-2.1.2.tgz",
      "integrity": "sha1-TAofs0vGjlQ7S4Kp7Dkr+9qECAU=",
      "optional": true
    },
    "glob-parent": {
      "version": "5.1.0",
      "resolved": "https://adeo.jfrog.io/adeo/api/npm/npm/glob-parent/-/glob-parent-5.1.0.tgz",
      "integrity": "sha1-X0wdHnSNMM1zrSlEs1d6gbCB6MI=",
      "requires": {
        "is-glob": "^4.0.1"
      }
    },
    "graceful-fs": {
      "version": "4.2.3",
      "resolved": "https://adeo.jfrog.io/adeo/api/npm/npm/graceful-fs/-/graceful-fs-4.2.3.tgz",
      "integrity": "sha1-ShL/G2A3bvCYYsIJPt2Qgyi+hCM="
    },
    "http-errors": {
      "version": "1.7.2",
      "resolved": "https://adeo.jfrog.io/adeo/api/npm/npm/http-errors/-/http-errors-1.7.2.tgz",
      "integrity": "sha1-T1ApzxMjnzEDblsuVSkrz7zIXI8=",
      "requires": {
        "depd": "~1.1.2",
        "inherits": "2.0.3",
        "setprototypeof": "1.1.1",
        "statuses": ">= 1.5.0 < 2",
        "toidentifier": "1.0.0"
      }
    },
    "http-status-codes": {
      "version": "1.4.0",
      "resolved": "https://adeo.jfrog.io/adeo/api/npm/npm/http-status-codes/-/http-status-codes-1.4.0.tgz",
      "integrity": "sha1-bkwV0W/zqeLfA7ifOlXhquBftHc="
    },
    "iconv-lite": {
      "version": "0.4.24",
      "resolved": "https://adeo.jfrog.io/adeo/api/npm/npm/iconv-lite/-/iconv-lite-0.4.24.tgz",
      "integrity": "sha1-ICK0sl+93CHS9SSXSkdKr+czkIs=",
      "requires": {
        "safer-buffer": ">= 2.1.2 < 3"
      }
    },
    "inherits": {
      "version": "2.0.3",
      "resolved": "https://adeo.jfrog.io/adeo/api/npm/npm/inherits/-/inherits-2.0.3.tgz",
      "integrity": "sha1-Yzwsg+PaQqUC9SRmAiSA9CCCYd4="
    },
    "ipaddr.js": {
      "version": "1.9.1",
      "resolved": "https://adeo.jfrog.io/adeo/api/npm/npm/ipaddr.js/-/ipaddr.js-1.9.1.tgz",
      "integrity": "sha1-v/OFQ+64mEglB5/zoqjmy9RngbM="
    },
    "is-binary-path": {
      "version": "2.1.0",
      "resolved": "https://adeo.jfrog.io/adeo/api/npm/npm/is-binary-path/-/is-binary-path-2.1.0.tgz",
      "integrity": "sha1-6h9/O4DwZCNug0cPhsCcJU+0Wwk=",
      "requires": {
        "binary-extensions": "^2.0.0"
      }
    },
    "is-extglob": {
      "version": "2.1.1",
      "resolved": "https://adeo.jfrog.io/adeo/api/npm/npm/is-extglob/-/is-extglob-2.1.1.tgz",
      "integrity": "sha1-qIwCU1eR8C7TfHahueqXc8gz+MI="
    },
    "is-glob": {
      "version": "4.0.1",
      "resolved": "https://adeo.jfrog.io/adeo/api/npm/npm/is-glob/-/is-glob-4.0.1.tgz",
      "integrity": "sha1-dWfb6fL14kZ7x3q4PEopSCQHpdw=",
      "requires": {
        "is-extglob": "^2.1.1"
      }
    },
    "is-number": {
      "version": "7.0.0",
      "resolved": "https://adeo.jfrog.io/adeo/api/npm/npm/is-number/-/is-number-7.0.0.tgz",
      "integrity": "sha1-dTU0W4lnNNX4DE0GxQlVUnoU8Ss="
    },
    "is-promise": {
      "version": "2.1.0",
      "resolved": "https://adeo.jfrog.io/adeo/api/npm/npm/is-promise/-/is-promise-2.1.0.tgz",
      "integrity": "sha1-eaKp7OfwlugPNtKy87wWwf9L8/o="
    },
    "lodash": {
      "version": "4.17.21",
      "resolved": "https://registry.npmjs.org/lodash/-/lodash-4.17.21.tgz",
      "integrity": "sha512-v2kDEe57lecTulaDIuNTPy3Ry4gLGJ6Z1O3vE1krgXZNrsQ+LFTGHVxVjcXPs17LhbZVGedAJv8XZ1tvj5FvSg=="
    },
    "lowdb": {
      "version": "1.0.0",
      "resolved": "https://adeo.jfrog.io/adeo/api/npm/npm/lowdb/-/lowdb-1.0.0.tgz",
      "integrity": "sha1-UkO+ayJ4bMzjDlDJoz6sNrIMgGQ=",
      "requires": {
        "graceful-fs": "^4.1.3",
        "is-promise": "^2.1.0",
        "lodash": "4",
        "pify": "^3.0.0",
        "steno": "^0.4.1"
      }
    },
    "media-typer": {
      "version": "0.3.0",
      "resolved": "https://adeo.jfrog.io/adeo/api/npm/npm/media-typer/-/media-typer-0.3.0.tgz",
      "integrity": "sha1-hxDXrwqmJvj/+hzgAWhUUmMlV0g="
    },
    "merge-descriptors": {
      "version": "1.0.1",
      "resolved": "https://adeo.jfrog.io/adeo/api/npm/npm/merge-descriptors/-/merge-descriptors-1.0.1.tgz",
      "integrity": "sha1-sAqqVW3YtEVoFQ7J0blT8/kMu2E="
    },
    "methods": {
      "version": "1.1.2",
      "resolved": "https://adeo.jfrog.io/adeo/api/npm/npm/methods/-/methods-1.1.2.tgz",
      "integrity": "sha1-VSmk1nZUE07cxSZmVoNbD4Ua/O4="
    },
    "mime": {
      "version": "1.6.0",
      "resolved": "https://adeo.jfrog.io/adeo/api/npm/npm/mime/-/mime-1.6.0.tgz",
      "integrity": "sha1-Ms2eXGRVO9WNGaVor0Uqz/BJgbE="
    },
    "mime-db": {
      "version": "1.43.0",
      "resolved": "https://adeo.jfrog.io/adeo/api/npm/npm/mime-db/-/mime-db-1.43.0.tgz",
      "integrity": "sha1-ChLgUCZQ5HPXNVNQUOfI9OtPrlg="
    },
    "mime-types": {
      "version": "2.1.26",
      "resolved": "https://adeo.jfrog.io/adeo/api/npm/npm/mime-types/-/mime-types-2.1.26.tgz",
      "integrity": "sha1-nJIfwJt+FJpl39wNpNIJlyALCgY=",
      "requires": {
        "mime-db": "1.43.0"
      }
    },
    "ms": {
      "version": "2.0.0",
      "resolved": "https://adeo.jfrog.io/adeo/api/npm/npm/ms/-/ms-2.0.0.tgz",
      "integrity": "sha1-VgiurfwAvmwpAd9fmGF4jeDVl8g="
    },
    "negotiator": {
      "version": "0.6.2",
      "resolved": "https://adeo.jfrog.io/adeo/api/npm/npm/negotiator/-/negotiator-0.6.2.tgz",
      "integrity": "sha1-/qz3zPUlp3rpY0Q2pkiD/+yjRvs="
    },
    "normalize-path": {
      "version": "3.0.0",
      "resolved": "https://adeo.jfrog.io/adeo/api/npm/npm/normalize-path/-/normalize-path-3.0.0.tgz",
      "integrity": "sha1-Dc1p/yOhybEf0JeDFmRKA4ghamU="
    },
    "on-finished": {
      "version": "2.3.0",
      "resolved": "https://adeo.jfrog.io/adeo/api/npm/npm/on-finished/-/on-finished-2.3.0.tgz",
      "integrity": "sha1-IPEzZIGwg811M3mSoWlxqi2QaUc=",
      "requires": {
        "ee-first": "1.1.1"
      }
    },
    "parseurl": {
      "version": "1.3.3",
      "resolved": "https://adeo.jfrog.io/adeo/api/npm/npm/parseurl/-/parseurl-1.3.3.tgz",
      "integrity": "sha1-naGee+6NEt/wUT7Vt2lXeTvC6NQ="
    },
    "path-to-regexp": {
      "version": "0.1.7",
      "resolved": "https://adeo.jfrog.io/adeo/api/npm/npm/path-to-regexp/-/path-to-regexp-0.1.7.tgz",
      "integrity": "sha1-32BBeABfUi8V60SQ5yR6G/qmf4w="
    },
    "picomatch": {
      "version": "2.2.1",
      "resolved": "https://adeo.jfrog.io/adeo/api/npm/npm/picomatch/-/picomatch-2.2.1.tgz",
      "integrity": "sha1-IbrIiLbthgH4Mc54FuM1vHefCko="
    },
    "pify": {
      "version": "3.0.0",
      "resolved": "https://adeo.jfrog.io/adeo/api/npm/npm/pify/-/pify-3.0.0.tgz",
      "integrity": "sha1-5aSs0sEB/fPZpNB/DbxNtJ3SgXY="
    },
    "proxy-addr": {
      "version": "2.0.6",
      "resolved": "https://adeo.jfrog.io/adeo/api/npm/npm/proxy-addr/-/proxy-addr-2.0.6.tgz",
      "integrity": "sha1-/cIzZQVEfT8vLGOO0nLK9hS7sr8=",
      "requires": {
        "forwarded": "~0.1.2",
        "ipaddr.js": "1.9.1"
      }
    },
    "qs": {
      "version": "6.7.0",
      "resolved": "https://adeo.jfrog.io/adeo/api/npm/npm/qs/-/qs-6.7.0.tgz",
      "integrity": "sha1-QdwaAV49WB8WIXdr4xr7KHapsbw="
    },
    "range-parser": {
      "version": "1.2.1",
      "resolved": "https://adeo.jfrog.io/adeo/api/npm/npm/range-parser/-/range-parser-1.2.1.tgz",
      "integrity": "sha1-PPNwI9GZ4cJNGlW4SADC8+ZGgDE="
    },
    "raw-body": {
      "version": "2.4.0",
      "resolved": "https://adeo.jfrog.io/adeo/api/npm/npm/raw-body/-/raw-body-2.4.0.tgz",
      "integrity": "sha1-oc5vucm8NWylLoklarWQWeE9AzI=",
      "requires": {
        "bytes": "3.1.0",
        "http-errors": "1.7.2",
        "iconv-lite": "0.4.24",
        "unpipe": "1.0.0"
      }
    },
    "readdirp": {
      "version": "3.3.0",
      "resolved": "https://adeo.jfrog.io/adeo/api/npm/npm/readdirp/-/readdirp-3.3.0.tgz",
      "integrity": "sha1-mERY0ToeQuLp9YQbEp4WLzaa/xc=",
      "requires": {
        "picomatch": "^2.0.7"
      }
    },
    "safe-buffer": {
      "version": "5.1.2",
      "resolved": "https://adeo.jfrog.io/adeo/api/npm/npm/safe-buffer/-/safe-buffer-5.1.2.tgz",
      "integrity": "sha1-mR7GnSluAxN0fVm9/St0XDX4go0="
    },
    "safer-buffer": {
      "version": "2.1.2",
      "resolved": "https://adeo.jfrog.io/adeo/api/npm/npm/safer-buffer/-/safer-buffer-2.1.2.tgz",
      "integrity": "sha1-RPoWGwGHuVSd2Eu5GAL5vYOFzWo="
    },
    "send": {
      "version": "0.17.1",
      "resolved": "https://adeo.jfrog.io/adeo/api/npm/npm/send/-/send-0.17.1.tgz",
      "integrity": "sha1-wdiwWfeQD3Rm3Uk4vcROEd2zdsg=",
      "requires": {
        "debug": "2.6.9",
        "depd": "~1.1.2",
        "destroy": "~1.0.4",
        "encodeurl": "~1.0.2",
        "escape-html": "~1.0.3",
        "etag": "~1.8.1",
        "fresh": "0.5.2",
        "http-errors": "~1.7.2",
        "mime": "1.6.0",
        "ms": "2.1.1",
        "on-finished": "~2.3.0",
        "range-parser": "~1.2.1",
        "statuses": "~1.5.0"
      },
      "dependencies": {
        "debug": {
          "version": "2.6.9",
          "resolved": "https://adeo.jfrog.io/adeo/api/npm/npm/debug/-/debug-2.6.9.tgz",
          "integrity": "sha1-XRKFFd8TT/Mn6QpMk/Tgd6U2NB8=",
          "requires": {
            "ms": "2.0.0"
          },
          "dependencies": {
            "ms": {
              "version": "2.0.0",
              "resolved": "https://adeo.jfrog.io/adeo/api/npm/npm/ms/-/ms-2.0.0.tgz",
              "integrity": "sha1-VgiurfwAvmwpAd9fmGF4jeDVl8g="
            }
          }
        },
        "ms": {
          "version": "2.1.1",
          "resolved": "https://adeo.jfrog.io/adeo/api/npm/npm/ms/-/ms-2.1.1.tgz",
          "integrity": "sha1-MKWGTrPrsKZvLr5tcnrwagnYbgo="
        }
      }
    },
    "serve-static": {
      "version": "1.14.1",
      "resolved": "https://adeo.jfrog.io/adeo/api/npm/npm/serve-static/-/serve-static-1.14.1.tgz",
      "integrity": "sha1-Zm5jbcTwEPfvKZcKiKZ0MgiYsvk=",
      "requires": {
        "encodeurl": "~1.0.2",
        "escape-html": "~1.0.3",
        "parseurl": "~1.3.3",
        "send": "0.17.1"
      }
    },
    "setprototypeof": {
      "version": "1.1.1",
      "resolved": "https://adeo.jfrog.io/adeo/api/npm/npm/setprototypeof/-/setprototypeof-1.1.1.tgz",
      "integrity": "sha1-fpWsskqpL1iF4KvvW6ExMw1K5oM="
    },
    "statuses": {
      "version": "1.5.0",
      "resolved": "https://adeo.jfrog.io/adeo/api/npm/npm/statuses/-/statuses-1.5.0.tgz",
      "integrity": "sha1-Fhx9rBd2Wf2YEfQ3cfqZOBR4Yow="
    },
    "steno": {
      "version": "0.4.4",
      "resolved": "https://adeo.jfrog.io/adeo/api/npm/npm/steno/-/steno-0.4.4.tgz",
      "integrity": "sha1-BxEFvfwobmYVwEA8J+nXtdy4Vcs=",
      "requires": {
        "graceful-fs": "^4.1.3"
      }
    },
    "to-regex-range": {
      "version": "5.0.1",
      "resolved": "https://adeo.jfrog.io/adeo/api/npm/npm/to-regex-range/-/to-regex-range-5.0.1.tgz",
      "integrity": "sha1-FkjESq58jZiKMmAY7XL1tN0DkuQ=",
      "requires": {
        "is-number": "^7.0.0"
      }
    },
    "toidentifier": {
      "version": "1.0.0",
      "resolved": "https://adeo.jfrog.io/adeo/api/npm/npm/toidentifier/-/toidentifier-1.0.0.tgz",
      "integrity": "sha1-fhvjRw8ed5SLxD2Uo8j013UrpVM="
    },
    "type-is": {
      "version": "1.6.18",
      "resolved": "https://adeo.jfrog.io/adeo/api/npm/npm/type-is/-/type-is-1.6.18.tgz",
      "integrity": "sha1-TlUs0F3wlGfcvE73Od6J8s83wTE=",
      "requires": {
        "media-typer": "0.3.0",
        "mime-types": "~2.1.24"
      }
    },
    "unpipe": {
      "version": "1.0.0",
      "resolved": "https://adeo.jfrog.io/adeo/api/npm/npm/unpipe/-/unpipe-1.0.0.tgz",
      "integrity": "sha1-sr9O6FFKrmFltIF4KdIbLvSZBOw="
    },
    "utils-merge": {
      "version": "1.0.1",
      "resolved": "https://adeo.jfrog.io/adeo/api/npm/npm/utils-merge/-/utils-merge-1.0.1.tgz",
      "integrity": "sha1-n5VxD1CiZ5R7LMwSR0HBAoQn5xM="
    },
    "uuid": {
      "version": "7.0.2",
      "resolved": "https://adeo.jfrog.io/adeo/api/npm/npm/uuid/-/uuid-7.0.2.tgz",
      "integrity": "sha1-f/XCA0Z+kfXg2Fz8uq99LrvKm+Y="
    },
    "vary": {
      "version": "1.1.2",
      "resolved": "https://adeo.jfrog.io/adeo/api/npm/npm/vary/-/vary-1.1.2.tgz",
      "integrity": "sha1-IpnwLG3tMNSllhsLn3RSShj2NPw="
    }
  }
}
